
Microsoft Visual Studio Solution File, Format Version 12.00
Project("{FAE04EC0-301F-11D3-BF4B-00C04F79EFBC}") = "ForgotPasswordNotificationService.Presentation", "ForgotPasswordNotificationService.Presentation\ForgotPasswordNotificationService.Presentation.csproj", "{BC1BACD2-F09E-4A22-BF9B-8C3B2C85943A}"
EndProject
Project("{FAE04EC0-301F-11D3-BF4B-00C04F79EFBC}") = "Domain", "Domain\Domain.csproj", "{5EE963AE-6814-4BE0-A3CD-ECD599B60C15}"
EndProject
Project("{FAE04EC0-301F-11D3-BF4B-00C04F79EFBC}") = "Application", "Application\Application.csproj", "{19E78FB8-E397-429D-AE24-67906CFA3F75}"
EndProject
Project("{FAE04EC0-301F-11D3-BF4B-00C04F79EFBC}") = "Infrastructure", "Infrastructure\Infrastructure.csproj", "{EDDB2213-9CCC-4A78-9491-D904C9440FA7}"
EndProject
Global
	GlobalSection(SolutionConfigurationPlatforms) = preSolution
		Debug|Any CPU = Debug|Any CPU
		Release|Any CPU = Release|Any CPU
	EndGlobalSection
	GlobalSection(ProjectConfigurationPlatforms) = postSolution
		{BC1BACD2-F09E-4A22-BF9B-8C3B2C85943A}.Debug|Any CPU.ActiveCfg = Debug|Any CPU
		{BC1BACD2-F09E-4A22-BF9B-8C3B2C85943A}.Debug|Any CPU.Build.0 = Debug|Any CPU
		{BC1BACD2-F09E-4A22-BF9B-8C3B2C85943A}.Release|Any CPU.ActiveCfg = Release|Any CPU
		{BC1BACD2-F09E-4A22-BF9B-8C3B2C85943A}.Release|Any CPU.Build.0 = Release|Any CPU
		{5EE963AE-6814-4BE0-A3CD-ECD599B60C15}.Debug|Any CPU.ActiveCfg = Debug|Any CPU
		{5EE963AE-6814-4BE0-A3CD-ECD599B60C15}.Debug|Any CPU.Build.0 = Debug|Any CPU
		{5EE963AE-6814-4BE0-A3CD-ECD599B60C15}.Release|Any CPU.ActiveCfg = Release|Any CPU
		{5EE963AE-6814-4BE0-A3CD-ECD599B60C15}.Release|Any CPU.Build.0 = Release|Any CPU
		{19E78FB8-E397-429D-AE24-67906CFA3F75}.Debug|Any CPU.ActiveCfg = Debug|Any CPU
		{19E78FB8-E397-429D-AE24-67906CFA3F75}.Debug|Any CPU.Build.0 = Debug|Any CPU
		{19E78FB8-E397-429D-AE24-67906CFA3F75}.Release|Any CPU.ActiveCfg = Release|Any CPU
		{19E78FB8-E397-429D-AE24-67906CFA3F75}.Release|Any CPU.Build.0 = Release|Any CPU
		{EDDB2213-9CCC-4A78-9491-D904C9440FA7}.Debug|Any CPU.ActiveCfg = Debug|Any CPU
		{EDDB2213-9CCC-4A78-9491-D904C9440FA7}.Debug|Any CPU.Build.0 = Debug|Any CPU
		{EDDB2213-9CCC-4A78-9491-D904C9440FA7}.Release|Any CPU.ActiveCfg = Release|Any CPU
		{EDDB2213-9CCC-4A78-9491-D904C9440FA7}.Release|Any CPU.Build.0 = Release|Any CPU
	EndGlobalSection
EndGlobal
