
Microsoft Visual Studio Solution File, Format Version 12.00
Project("{FAE04EC0-301F-11D3-BF4B-00C04F79EFBC}") = "GamesWebApi.Presentation", "GamesWebApi.Presentation\GamesWebApi.Presentation.csproj", "{11354438-2D47-4CF7-9AB5-31D2D866A169}"
EndProject
Project("{FAE04EC0-301F-11D3-BF4B-00C04F79EFBC}") = "Domain", "Domain\Domain.csproj", "{200860C7-8C77-4BCD-9C74-BB7ECA82A03B}"
EndProject
Project("{FAE04EC0-301F-11D3-BF4B-00C04F79EFBC}") = "Infrastructure", "Infrastructure\Infrastructure.csproj", "{884C7038-242C-4683-9AEF-514F0BE2982C}"
EndProject
Project("{FAE04EC0-301F-11D3-BF4B-00C04F79EFBC}") = "Application", "Application\Application.csproj", "{41DFFCBA-E801-4A05-9A95-8F9948F3DA61}"
EndProject
Global
	GlobalSection(SolutionConfigurationPlatforms) = preSolution
		Debug|Any CPU = Debug|Any CPU
		Release|Any CPU = Release|Any CPU
	EndGlobalSection
	GlobalSection(ProjectConfigurationPlatforms) = postSolution
		{11354438-2D47-4CF7-9AB5-31D2D866A169}.Debug|Any CPU.ActiveCfg = Debug|Any CPU
		{11354438-2D47-4CF7-9AB5-31D2D866A169}.Debug|Any CPU.Build.0 = Debug|Any CPU
		{11354438-2D47-4CF7-9AB5-31D2D866A169}.Release|Any CPU.ActiveCfg = Release|Any CPU
		{11354438-2D47-4CF7-9AB5-31D2D866A169}.Release|Any CPU.Build.0 = Release|Any CPU
		{200860C7-8C77-4BCD-9C74-BB7ECA82A03B}.Debug|Any CPU.ActiveCfg = Debug|Any CPU
		{200860C7-8C77-4BCD-9C74-BB7ECA82A03B}.Debug|Any CPU.Build.0 = Debug|Any CPU
		{200860C7-8C77-4BCD-9C74-BB7ECA82A03B}.Release|Any CPU.ActiveCfg = Release|Any CPU
		{200860C7-8C77-4BCD-9C74-BB7ECA82A03B}.Release|Any CPU.Build.0 = Release|Any CPU
		{884C7038-242C-4683-9AEF-514F0BE2982C}.Debug|Any CPU.ActiveCfg = Debug|Any CPU
		{884C7038-242C-4683-9AEF-514F0BE2982C}.Debug|Any CPU.Build.0 = Debug|Any CPU
		{884C7038-242C-4683-9AEF-514F0BE2982C}.Release|Any CPU.ActiveCfg = Release|Any CPU
		{884C7038-242C-4683-9AEF-514F0BE2982C}.Release|Any CPU.Build.0 = Release|Any CPU
		{41DFFCBA-E801-4A05-9A95-8F9948F3DA61}.Debug|Any CPU.ActiveCfg = Debug|Any CPU
		{41DFFCBA-E801-4A05-9A95-8F9948F3DA61}.Debug|Any CPU.Build.0 = Debug|Any CPU
		{41DFFCBA-E801-4A05-9A95-8F9948F3DA61}.Release|Any CPU.ActiveCfg = Release|Any CPU
		{41DFFCBA-E801-4A05-9A95-8F9948F3DA61}.Release|Any CPU.Build.0 = Release|Any CPU
	EndGlobalSection
EndGlobal
