
Microsoft Visual Studio Solution File, Format Version 12.00
Project("{FAE04EC0-301F-11D3-BF4B-00C04F79EFBC}") = "ChangePasswordNotificationService.Presentation", "ChangePasswordNotificationService.Presentation\ChangePasswordNotificationService.Presentation.csproj", "{0983ED37-42AB-4268-97DA-C43A684777B7}"
EndProject
Project("{FAE04EC0-301F-11D3-BF4B-00C04F79EFBC}") = "Domain", "Domain\Domain.csproj", "{ED14B1B1-926B-4BC8-BE57-F200AC66F497}"
EndProject
Project("{FAE04EC0-301F-11D3-BF4B-00C04F79EFBC}") = "Infrastructure", "Infrastructure\Infrastructure.csproj", "{0392278E-3F75-4933-9631-DE39CB90CDB2}"
EndProject
Project("{FAE04EC0-301F-11D3-BF4B-00C04F79EFBC}") = "Application", "Application\Application.csproj", "{CB2E5702-D2BA-4E0B-A296-F305429C3EE7}"
EndProject
Global
	GlobalSection(SolutionConfigurationPlatforms) = preSolution
		Debug|Any CPU = Debug|Any CPU
		Release|Any CPU = Release|Any CPU
	EndGlobalSection
	GlobalSection(ProjectConfigurationPlatforms) = postSolution
		{0983ED37-42AB-4268-97DA-C43A684777B7}.Debug|Any CPU.ActiveCfg = Debug|Any CPU
		{0983ED37-42AB-4268-97DA-C43A684777B7}.Debug|Any CPU.Build.0 = Debug|Any CPU
		{0983ED37-42AB-4268-97DA-C43A684777B7}.Release|Any CPU.ActiveCfg = Release|Any CPU
		{0983ED37-42AB-4268-97DA-C43A684777B7}.Release|Any CPU.Build.0 = Release|Any CPU
		{ED14B1B1-926B-4BC8-BE57-F200AC66F497}.Debug|Any CPU.ActiveCfg = Debug|Any CPU
		{ED14B1B1-926B-4BC8-BE57-F200AC66F497}.Debug|Any CPU.Build.0 = Debug|Any CPU
		{ED14B1B1-926B-4BC8-BE57-F200AC66F497}.Release|Any CPU.ActiveCfg = Release|Any CPU
		{ED14B1B1-926B-4BC8-BE57-F200AC66F497}.Release|Any CPU.Build.0 = Release|Any CPU
		{0392278E-3F75-4933-9631-DE39CB90CDB2}.Debug|Any CPU.ActiveCfg = Debug|Any CPU
		{0392278E-3F75-4933-9631-DE39CB90CDB2}.Debug|Any CPU.Build.0 = Debug|Any CPU
		{0392278E-3F75-4933-9631-DE39CB90CDB2}.Release|Any CPU.ActiveCfg = Release|Any CPU
		{0392278E-3F75-4933-9631-DE39CB90CDB2}.Release|Any CPU.Build.0 = Release|Any CPU
		{CB2E5702-D2BA-4E0B-A296-F305429C3EE7}.Debug|Any CPU.ActiveCfg = Debug|Any CPU
		{CB2E5702-D2BA-4E0B-A296-F305429C3EE7}.Debug|Any CPU.Build.0 = Debug|Any CPU
		{CB2E5702-D2BA-4E0B-A296-F305429C3EE7}.Release|Any CPU.ActiveCfg = Release|Any CPU
		{CB2E5702-D2BA-4E0B-A296-F305429C3EE7}.Release|Any CPU.Build.0 = Release|Any CPU
	EndGlobalSection
EndGlobal
